
Microsoft Visual Studio Solution File, Format Version 12.00
# Visual Studio 15
VisualStudioVersion = 15.0.28010.2016
MinimumVisualStudioVersion = 10.0.40219.1
Project("{8BC9CEB8-8B4A-11D0-8D11-00A0C91BC942}") = "Abstract Factory", "Creation\Abstract Factory\Abstract Factory.vcxproj", "{AF6729BA-AFCA-4955-9EA1-F578F09C819A}"
EndProject
Project("{8BC9CEB8-8B4A-11D0-8D11-00A0C91BC942}") = "Builder", "Creation\Builder\Builder.vcxproj", "{A2899644-ED3A-4372-BF83-C4D13F58FE08}"
EndProject
Project("{8BC9CEB8-8B4A-11D0-8D11-00A0C91BC942}") = "Factory Method", "Creation\Factory Method\Factory Method.vcxproj", "{258C9F47-0051-48AD-B0C1-CE99831E1897}"
EndProject
Project("{8BC9CEB8-8B4A-11D0-8D11-00A0C91BC942}") = "Prototype", "Creation\Prototype\Prototype.vcxproj", "{811CDFB4-7E66-49EF-A6DB-39B9BF851B82}"
EndProject
Project("{8BC9CEB8-8B4A-11D0-8D11-00A0C91BC942}") = "Singleton", "Creation\Singleton\Singleton.vcxproj", "{EF091CA5-A84A-408C-8ECC-64F4D31F33F4}"
EndProject
Project("{8BC9CEB8-8B4A-11D0-8D11-00A0C91BC942}") = "Adapter", "Structure\Adapter\Adapter.vcxproj", "{9666FB18-1442-4B07-A851-59B2B4FE70DA}"
EndProject
Project("{8BC9CEB8-8B4A-11D0-8D11-00A0C91BC942}") = "Bridge", "Structure\Bridge\Bridge.vcxproj", "{CC30AD21-4607-4DFC-A91C-74280F98CE4C}"
EndProject
Project("{8BC9CEB8-8B4A-11D0-8D11-00A0C91BC942}") = "Composite", "Structure\Composite\Composite.vcxproj", "{28AFE6F9-4C73-4EF5-9269-CEA7D7E9921E}"
EndProject
Project("{8BC9CEB8-8B4A-11D0-8D11-00A0C91BC942}") = "Decorator", "Structure\Decorator\Decorator.vcxproj", "{B46CD64C-C4FF-4625-BEAB-AFB972A0D8C3}"
EndProject
Project("{8BC9CEB8-8B4A-11D0-8D11-00A0C91BC942}") = "Facade", "Structure\Facade\Facade.vcxproj", "{A1CF48E9-1F5A-47D4-B571-4E6B30ED7122}"
EndProject
Project("{8BC9CEB8-8B4A-11D0-8D11-00A0C91BC942}") = "Flyweight", "Structure\Flyweight\Flyweight.vcxproj", "{C5078067-0E40-4A73-BBE4-723C408963EB}"
EndProject
Project("{8BC9CEB8-8B4A-11D0-8D11-00A0C91BC942}") = "Proxy", "Structure\Proxy\Proxy.vcxproj", "{ED900D91-CC72-455E-B666-1EDFEFFF8FBB}"
EndProject
Project("{8BC9CEB8-8B4A-11D0-8D11-00A0C91BC942}") = "Chain Of Responsibility", "Action\Chain Of Responsibility\Chain Of Responsibility.vcxproj", "{C64039A4-9C9A-4E8D-9563-8B9F84FE71F6}"
EndProject
Project("{8BC9CEB8-8B4A-11D0-8D11-00A0C91BC942}") = "Command", "Action\Command\Command.vcxproj", "{B13CEA76-418A-421E-81E9-885413D4D82B}"
EndProject
Project("{8BC9CEB8-8B4A-11D0-8D11-00A0C91BC942}") = "Interpreter", "Action\Interpreter\Interpreter.vcxproj", "{0FA40B33-B922-41BF-BA31-0E8A7A0C9349}"
EndProject
Project("{8BC9CEB8-8B4A-11D0-8D11-00A0C91BC942}") = "Iterator", "Action\Iterator\Iterator.vcxproj", "{C7BA918C-70B6-4F29-8246-A8C1314E4715}"
EndProject
Project("{8BC9CEB8-8B4A-11D0-8D11-00A0C91BC942}") = "Mediator", "Action\Mediator\Mediator.vcxproj", "{4E2EAF99-E5D6-4BE4-A22D-BB409DB5AB92}"
EndProject
Project("{8BC9CEB8-8B4A-11D0-8D11-00A0C91BC942}") = "Memento", "Action\Memento\Memento.vcxproj", "{945FDF88-6239-4395-8BA8-1DE2DE1A13C0}"
EndProject
Project("{8BC9CEB8-8B4A-11D0-8D11-00A0C91BC942}") = "Observer", "Action\Observer\Observer.vcxproj", "{EBB3299E-0083-417B-A6FC-DD440C873E40}"
EndProject
Project("{8BC9CEB8-8B4A-11D0-8D11-00A0C91BC942}") = "State", "Action\State\State.vcxproj", "{E76BE1AA-39D2-4DED-B84D-58909786B5E6}"
EndProject
Project("{8BC9CEB8-8B4A-11D0-8D11-00A0C91BC942}") = "Strategy", "Action\Strategy\Strategy.vcxproj", "{441542A6-3477-455E-904F-1CAB3D47B532}"
EndProject
Project("{8BC9CEB8-8B4A-11D0-8D11-00A0C91BC942}") = "TemplateMethod", "Action\TemplateMethod\TemplateMethod.vcxproj", "{3ED018B2-17CB-4048-BC76-36A9E1022833}"
EndProject
Project("{8BC9CEB8-8B4A-11D0-8D11-00A0C91BC942}") = "Visitor", "Action\Visitor\Visitor.vcxproj", "{17FC641E-B189-47A5-8B9D-834EFBB1F531}"
EndProject
Global
	GlobalSection(SolutionConfigurationPlatforms) = preSolution
		Debug|x64 = Debug|x64
		Debug|x86 = Debug|x86
		Release|x64 = Release|x64
		Release|x86 = Release|x86
	EndGlobalSection
	GlobalSection(ProjectConfigurationPlatforms) = postSolution
		{AF6729BA-AFCA-4955-9EA1-F578F09C819A}.Debug|x64.ActiveCfg = Debug|x64
		{AF6729BA-AFCA-4955-9EA1-F578F09C819A}.Debug|x64.Build.0 = Debug|x64
		{AF6729BA-AFCA-4955-9EA1-F578F09C819A}.Debug|x86.ActiveCfg = Debug|Win32
		{AF6729BA-AFCA-4955-9EA1-F578F09C819A}.Debug|x86.Build.0 = Debug|Win32
		{AF6729BA-AFCA-4955-9EA1-F578F09C819A}.Release|x64.ActiveCfg = Release|x64
		{AF6729BA-AFCA-4955-9EA1-F578F09C819A}.Release|x64.Build.0 = Release|x64
		{AF6729BA-AFCA-4955-9EA1-F578F09C819A}.Release|x86.ActiveCfg = Release|Win32
		{AF6729BA-AFCA-4955-9EA1-F578F09C819A}.Release|x86.Build.0 = Release|Win32
		{A2899644-ED3A-4372-BF83-C4D13F58FE08}.Debug|x64.ActiveCfg = Debug|x64
		{A2899644-ED3A-4372-BF83-C4D13F58FE08}.Debug|x64.Build.0 = Debug|x64
		{A2899644-ED3A-4372-BF83-C4D13F58FE08}.Debug|x86.ActiveCfg = Debug|Win32
		{A2899644-ED3A-4372-BF83-C4D13F58FE08}.Debug|x86.Build.0 = Debug|Win32
		{A2899644-ED3A-4372-BF83-C4D13F58FE08}.Release|x64.ActiveCfg = Release|x64
		{A2899644-ED3A-4372-BF83-C4D13F58FE08}.Release|x64.Build.0 = Release|x64
		{A2899644-ED3A-4372-BF83-C4D13F58FE08}.Release|x86.ActiveCfg = Release|Win32
		{A2899644-ED3A-4372-BF83-C4D13F58FE08}.Release|x86.Build.0 = Release|Win32
		{258C9F47-0051-48AD-B0C1-CE99831E1897}.Debug|x64.ActiveCfg = Debug|x64
		{258C9F47-0051-48AD-B0C1-CE99831E1897}.Debug|x64.Build.0 = Debug|x64
		{258C9F47-0051-48AD-B0C1-CE99831E1897}.Debug|x86.ActiveCfg = Debug|Win32
		{258C9F47-0051-48AD-B0C1-CE99831E1897}.Debug|x86.Build.0 = Debug|Win32
		{258C9F47-0051-48AD-B0C1-CE99831E1897}.Release|x64.ActiveCfg = Release|x64
		{258C9F47-0051-48AD-B0C1-CE99831E1897}.Release|x64.Build.0 = Release|x64
		{258C9F47-0051-48AD-B0C1-CE99831E1897}.Release|x86.ActiveCfg = Release|Win32
		{258C9F47-0051-48AD-B0C1-CE99831E1897}.Release|x86.Build.0 = Release|Win32
		{811CDFB4-7E66-49EF-A6DB-39B9BF851B82}.Debug|x64.ActiveCfg = Debug|x64
		{811CDFB4-7E66-49EF-A6DB-39B9BF851B82}.Debug|x64.Build.0 = Debug|x64
		{811CDFB4-7E66-49EF-A6DB-39B9BF851B82}.Debug|x86.ActiveCfg = Debug|Win32
		{811CDFB4-7E66-49EF-A6DB-39B9BF851B82}.Debug|x86.Build.0 = Debug|Win32
		{811CDFB4-7E66-49EF-A6DB-39B9BF851B82}.Release|x64.ActiveCfg = Release|x64
		{811CDFB4-7E66-49EF-A6DB-39B9BF851B82}.Release|x64.Build.0 = Release|x64
		{811CDFB4-7E66-49EF-A6DB-39B9BF851B82}.Release|x86.ActiveCfg = Release|Win32
		{811CDFB4-7E66-49EF-A6DB-39B9BF851B82}.Release|x86.Build.0 = Release|Win32
		{EF091CA5-A84A-408C-8ECC-64F4D31F33F4}.Debug|x64.ActiveCfg = Debug|x64
		{EF091CA5-A84A-408C-8ECC-64F4D31F33F4}.Debug|x64.Build.0 = Debug|x64
		{EF091CA5-A84A-408C-8ECC-64F4D31F33F4}.Debug|x86.ActiveCfg = Debug|Win32
		{EF091CA5-A84A-408C-8ECC-64F4D31F33F4}.Debug|x86.Build.0 = Debug|Win32
		{EF091CA5-A84A-408C-8ECC-64F4D31F33F4}.Release|x64.ActiveCfg = Release|x64
		{EF091CA5-A84A-408C-8ECC-64F4D31F33F4}.Release|x64.Build.0 = Release|x64
		{EF091CA5-A84A-408C-8ECC-64F4D31F33F4}.Release|x86.ActiveCfg = Release|Win32
		{EF091CA5-A84A-408C-8ECC-64F4D31F33F4}.Release|x86.Build.0 = Release|Win32
		{9666FB18-1442-4B07-A851-59B2B4FE70DA}.Debug|x64.ActiveCfg = Debug|x64
		{9666FB18-1442-4B07-A851-59B2B4FE70DA}.Debug|x64.Build.0 = Debug|x64
		{9666FB18-1442-4B07-A851-59B2B4FE70DA}.Debug|x86.ActiveCfg = Debug|Win32
		{9666FB18-1442-4B07-A851-59B2B4FE70DA}.Debug|x86.Build.0 = Debug|Win32
		{9666FB18-1442-4B07-A851-59B2B4FE70DA}.Release|x64.ActiveCfg = Release|x64
		{9666FB18-1442-4B07-A851-59B2B4FE70DA}.Release|x64.Build.0 = Release|x64
		{9666FB18-1442-4B07-A851-59B2B4FE70DA}.Release|x86.ActiveCfg = Release|Win32
		{9666FB18-1442-4B07-A851-59B2B4FE70DA}.Release|x86.Build.0 = Release|Win32
		{CC30AD21-4607-4DFC-A91C-74280F98CE4C}.Debug|x64.ActiveCfg = Debug|x64
		{CC30AD21-4607-4DFC-A91C-74280F98CE4C}.Debug|x64.Build.0 = Debug|x64
		{CC30AD21-4607-4DFC-A91C-74280F98CE4C}.Debug|x86.ActiveCfg = Debug|Win32
		{CC30AD21-4607-4DFC-A91C-74280F98CE4C}.Debug|x86.Build.0 = Debug|Win32
		{CC30AD21-4607-4DFC-A91C-74280F98CE4C}.Release|x64.ActiveCfg = Release|x64
		{CC30AD21-4607-4DFC-A91C-74280F98CE4C}.Release|x64.Build.0 = Release|x64
		{CC30AD21-4607-4DFC-A91C-74280F98CE4C}.Release|x86.ActiveCfg = Release|Win32
		{CC30AD21-4607-4DFC-A91C-74280F98CE4C}.Release|x86.Build.0 = Release|Win32
		{28AFE6F9-4C73-4EF5-9269-CEA7D7E9921E}.Debug|x64.ActiveCfg = Debug|x64
		{28AFE6F9-4C73-4EF5-9269-CEA7D7E9921E}.Debug|x64.Build.0 = Debug|x64
		{28AFE6F9-4C73-4EF5-9269-CEA7D7E9921E}.Debug|x86.ActiveCfg = Debug|Win32
		{28AFE6F9-4C73-4EF5-9269-CEA7D7E9921E}.Debug|x86.Build.0 = Debug|Win32
		{28AFE6F9-4C73-4EF5-9269-CEA7D7E9921E}.Release|x64.ActiveCfg = Release|x64
		{28AFE6F9-4C73-4EF5-9269-CEA7D7E9921E}.Release|x64.Build.0 = Release|x64
		{28AFE6F9-4C73-4EF5-9269-CEA7D7E9921E}.Release|x86.ActiveCfg = Release|Win32
		{28AFE6F9-4C73-4EF5-9269-CEA7D7E9921E}.Release|x86.Build.0 = Release|Win32
		{B46CD64C-C4FF-4625-BEAB-AFB972A0D8C3}.Debug|x64.ActiveCfg = Debug|x64
		{B46CD64C-C4FF-4625-BEAB-AFB972A0D8C3}.Debug|x64.Build.0 = Debug|x64
		{B46CD64C-C4FF-4625-BEAB-AFB972A0D8C3}.Debug|x86.ActiveCfg = Debug|Win32
		{B46CD64C-C4FF-4625-BEAB-AFB972A0D8C3}.Debug|x86.Build.0 = Debug|Win32
		{B46CD64C-C4FF-4625-BEAB-AFB972A0D8C3}.Release|x64.ActiveCfg = Release|x64
		{B46CD64C-C4FF-4625-BEAB-AFB972A0D8C3}.Release|x64.Build.0 = Release|x64
		{B46CD64C-C4FF-4625-BEAB-AFB972A0D8C3}.Release|x86.ActiveCfg = Release|Win32
		{B46CD64C-C4FF-4625-BEAB-AFB972A0D8C3}.Release|x86.Build.0 = Release|Win32
		{A1CF48E9-1F5A-47D4-B571-4E6B30ED7122}.Debug|x64.ActiveCfg = Debug|x64
		{A1CF48E9-1F5A-47D4-B571-4E6B30ED7122}.Debug|x64.Build.0 = Debug|x64
		{A1CF48E9-1F5A-47D4-B571-4E6B30ED7122}.Debug|x86.ActiveCfg = Debug|Win32
		{A1CF48E9-1F5A-47D4-B571-4E6B30ED7122}.Debug|x86.Build.0 = Debug|Win32
		{A1CF48E9-1F5A-47D4-B571-4E6B30ED7122}.Release|x64.ActiveCfg = Release|x64
		{A1CF48E9-1F5A-47D4-B571-4E6B30ED7122}.Release|x64.Build.0 = Release|x64
		{A1CF48E9-1F5A-47D4-B571-4E6B30ED7122}.Release|x86.ActiveCfg = Release|Win32
		{A1CF48E9-1F5A-47D4-B571-4E6B30ED7122}.Release|x86.Build.0 = Release|Win32
		{C5078067-0E40-4A73-BBE4-723C408963EB}.Debug|x64.ActiveCfg = Debug|x64
		{C5078067-0E40-4A73-BBE4-723C408963EB}.Debug|x64.Build.0 = Debug|x64
		{C5078067-0E40-4A73-BBE4-723C408963EB}.Debug|x86.ActiveCfg = Debug|Win32
		{C5078067-0E40-4A73-BBE4-723C408963EB}.Debug|x86.Build.0 = Debug|Win32
		{C5078067-0E40-4A73-BBE4-723C408963EB}.Release|x64.ActiveCfg = Release|x64
		{C5078067-0E40-4A73-BBE4-723C408963EB}.Release|x64.Build.0 = Release|x64
		{C5078067-0E40-4A73-BBE4-723C408963EB}.Release|x86.ActiveCfg = Release|Win32
		{C5078067-0E40-4A73-BBE4-723C408963EB}.Release|x86.Build.0 = Release|Win32
		{ED900D91-CC72-455E-B666-1EDFEFFF8FBB}.Debug|x64.ActiveCfg = Debug|x64
		{ED900D91-CC72-455E-B666-1EDFEFFF8FBB}.Debug|x64.Build.0 = Debug|x64
		{ED900D91-CC72-455E-B666-1EDFEFFF8FBB}.Debug|x86.ActiveCfg = Debug|Win32
		{ED900D91-CC72-455E-B666-1EDFEFFF8FBB}.Debug|x86.Build.0 = Debug|Win32
		{ED900D91-CC72-455E-B666-1EDFEFFF8FBB}.Release|x64.ActiveCfg = Release|x64
		{ED900D91-CC72-455E-B666-1EDFEFFF8FBB}.Release|x64.Build.0 = Release|x64
		{ED900D91-CC72-455E-B666-1EDFEFFF8FBB}.Release|x86.ActiveCfg = Release|Win32
		{ED900D91-CC72-455E-B666-1EDFEFFF8FBB}.Release|x86.Build.0 = Release|Win32
		{C64039A4-9C9A-4E8D-9563-8B9F84FE71F6}.Debug|x64.ActiveCfg = Debug|x64
		{C64039A4-9C9A-4E8D-9563-8B9F84FE71F6}.Debug|x64.Build.0 = Debug|x64
		{C64039A4-9C9A-4E8D-9563-8B9F84FE71F6}.Debug|x86.ActiveCfg = Debug|Win32
		{C64039A4-9C9A-4E8D-9563-8B9F84FE71F6}.Debug|x86.Build.0 = Debug|Win32
		{C64039A4-9C9A-4E8D-9563-8B9F84FE71F6}.Release|x64.ActiveCfg = Release|x64
		{C64039A4-9C9A-4E8D-9563-8B9F84FE71F6}.Release|x64.Build.0 = Release|x64
		{C64039A4-9C9A-4E8D-9563-8B9F84FE71F6}.Release|x86.ActiveCfg = Release|Win32
		{C64039A4-9C9A-4E8D-9563-8B9F84FE71F6}.Release|x86.Build.0 = Release|Win32
		{B13CEA76-418A-421E-81E9-885413D4D82B}.Debug|x64.ActiveCfg = Debug|x64
		{B13CEA76-418A-421E-81E9-885413D4D82B}.Debug|x64.Build.0 = Debug|x64
		{B13CEA76-418A-421E-81E9-885413D4D82B}.Debug|x86.ActiveCfg = Debug|Win32
		{B13CEA76-418A-421E-81E9-885413D4D82B}.Debug|x86.Build.0 = Debug|Win32
		{B13CEA76-418A-421E-81E9-885413D4D82B}.Release|x64.ActiveCfg = Release|x64
		{B13CEA76-418A-421E-81E9-885413D4D82B}.Release|x64.Build.0 = Release|x64
		{B13CEA76-418A-421E-81E9-885413D4D82B}.Release|x86.ActiveCfg = Release|Win32
		{B13CEA76-418A-421E-81E9-885413D4D82B}.Release|x86.Build.0 = Release|Win32
		{0FA40B33-B922-41BF-BA31-0E8A7A0C9349}.Debug|x64.ActiveCfg = Debug|x64
		{0FA40B33-B922-41BF-BA31-0E8A7A0C9349}.Debug|x64.Build.0 = Debug|x64
		{0FA40B33-B922-41BF-BA31-0E8A7A0C9349}.Debug|x86.ActiveCfg = Debug|Win32
		{0FA40B33-B922-41BF-BA31-0E8A7A0C9349}.Debug|x86.Build.0 = Debug|Win32
		{0FA40B33-B922-41BF-BA31-0E8A7A0C9349}.Release|x64.ActiveCfg = Release|x64
		{0FA40B33-B922-41BF-BA31-0E8A7A0C9349}.Release|x64.Build.0 = Release|x64
		{0FA40B33-B922-41BF-BA31-0E8A7A0C9349}.Release|x86.ActiveCfg = Release|Win32
		{0FA40B33-B922-41BF-BA31-0E8A7A0C9349}.Release|x86.Build.0 = Release|Win32
		{C7BA918C-70B6-4F29-8246-A8C1314E4715}.Debug|x64.ActiveCfg = Debug|x64
		{C7BA918C-70B6-4F29-8246-A8C1314E4715}.Debug|x64.Build.0 = Debug|x64
		{C7BA918C-70B6-4F29-8246-A8C1314E4715}.Debug|x86.ActiveCfg = Debug|Win32
		{C7BA918C-70B6-4F29-8246-A8C1314E4715}.Debug|x86.Build.0 = Debug|Win32
		{C7BA918C-70B6-4F29-8246-A8C1314E4715}.Release|x64.ActiveCfg = Release|x64
		{C7BA918C-70B6-4F29-8246-A8C1314E4715}.Release|x64.Build.0 = Release|x64
		{C7BA918C-70B6-4F29-8246-A8C1314E4715}.Release|x86.ActiveCfg = Release|Win32
		{C7BA918C-70B6-4F29-8246-A8C1314E4715}.Release|x86.Build.0 = Release|Win32
		{4E2EAF99-E5D6-4BE4-A22D-BB409DB5AB92}.Debug|x64.ActiveCfg = Debug|x64
		{4E2EAF99-E5D6-4BE4-A22D-BB409DB5AB92}.Debug|x64.Build.0 = Debug|x64
		{4E2EAF99-E5D6-4BE4-A22D-BB409DB5AB92}.Debug|x86.ActiveCfg = Debug|Win32
		{4E2EAF99-E5D6-4BE4-A22D-BB409DB5AB92}.Debug|x86.Build.0 = Debug|Win32
		{4E2EAF99-E5D6-4BE4-A22D-BB409DB5AB92}.Release|x64.ActiveCfg = Release|x64
		{4E2EAF99-E5D6-4BE4-A22D-BB409DB5AB92}.Release|x64.Build.0 = Release|x64
		{4E2EAF99-E5D6-4BE4-A22D-BB409DB5AB92}.Release|x86.ActiveCfg = Release|Win32
		{4E2EAF99-E5D6-4BE4-A22D-BB409DB5AB92}.Release|x86.Build.0 = Release|Win32
		{945FDF88-6239-4395-8BA8-1DE2DE1A13C0}.Debug|x64.ActiveCfg = Debug|x64
		{945FDF88-6239-4395-8BA8-1DE2DE1A13C0}.Debug|x64.Build.0 = Debug|x64
		{945FDF88-6239-4395-8BA8-1DE2DE1A13C0}.Debug|x86.ActiveCfg = Debug|Win32
		{945FDF88-6239-4395-8BA8-1DE2DE1A13C0}.Debug|x86.Build.0 = Debug|Win32
		{945FDF88-6239-4395-8BA8-1DE2DE1A13C0}.Release|x64.ActiveCfg = Release|x64
		{945FDF88-6239-4395-8BA8-1DE2DE1A13C0}.Release|x64.Build.0 = Release|x64
		{945FDF88-6239-4395-8BA8-1DE2DE1A13C0}.Release|x86.ActiveCfg = Release|Win32
		{945FDF88-6239-4395-8BA8-1DE2DE1A13C0}.Release|x86.Build.0 = Release|Win32
		{EBB3299E-0083-417B-A6FC-DD440C873E40}.Debug|x64.ActiveCfg = Debug|x64
		{EBB3299E-0083-417B-A6FC-DD440C873E40}.Debug|x64.Build.0 = Debug|x64
		{EBB3299E-0083-417B-A6FC-DD440C873E40}.Debug|x86.ActiveCfg = Debug|Win32
		{EBB3299E-0083-417B-A6FC-DD440C873E40}.Debug|x86.Build.0 = Debug|Win32
		{EBB3299E-0083-417B-A6FC-DD440C873E40}.Release|x64.ActiveCfg = Release|x64
		{EBB3299E-0083-417B-A6FC-DD440C873E40}.Release|x64.Build.0 = Release|x64
		{EBB3299E-0083-417B-A6FC-DD440C873E40}.Release|x86.ActiveCfg = Release|Win32
		{EBB3299E-0083-417B-A6FC-DD440C873E40}.Release|x86.Build.0 = Release|Win32
		{E76BE1AA-39D2-4DED-B84D-58909786B5E6}.Debug|x64.ActiveCfg = Debug|x64
		{E76BE1AA-39D2-4DED-B84D-58909786B5E6}.Debug|x64.Build.0 = Debug|x64
		{E76BE1AA-39D2-4DED-B84D-58909786B5E6}.Debug|x86.ActiveCfg = Debug|Win32
		{E76BE1AA-39D2-4DED-B84D-58909786B5E6}.Debug|x86.Build.0 = Debug|Win32
		{E76BE1AA-39D2-4DED-B84D-58909786B5E6}.Release|x64.ActiveCfg = Release|x64
		{E76BE1AA-39D2-4DED-B84D-58909786B5E6}.Release|x64.Build.0 = Release|x64
		{E76BE1AA-39D2-4DED-B84D-58909786B5E6}.Release|x86.ActiveCfg = Release|Win32
		{E76BE1AA-39D2-4DED-B84D-58909786B5E6}.Release|x86.Build.0 = Release|Win32
		{441542A6-3477-455E-904F-1CAB3D47B532}.Debug|x64.ActiveCfg = Debug|x64
		{441542A6-3477-455E-904F-1CAB3D47B532}.Debug|x64.Build.0 = Debug|x64
		{441542A6-3477-455E-904F-1CAB3D47B532}.Debug|x86.ActiveCfg = Debug|Win32
		{441542A6-3477-455E-904F-1CAB3D47B532}.Debug|x86.Build.0 = Debug|Win32
		{441542A6-3477-455E-904F-1CAB3D47B532}.Release|x64.ActiveCfg = Release|x64
		{441542A6-3477-455E-904F-1CAB3D47B532}.Release|x64.Build.0 = Release|x64
		{441542A6-3477-455E-904F-1CAB3D47B532}.Release|x86.ActiveCfg = Release|Win32
		{441542A6-3477-455E-904F-1CAB3D47B532}.Release|x86.Build.0 = Release|Win32
		{3ED018B2-17CB-4048-BC76-36A9E1022833}.Debug|x64.ActiveCfg = Debug|x64
		{3ED018B2-17CB-4048-BC76-36A9E1022833}.Debug|x64.Build.0 = Debug|x64
		{3ED018B2-17CB-4048-BC76-36A9E1022833}.Debug|x86.ActiveCfg = Debug|Win32
		{3ED018B2-17CB-4048-BC76-36A9E1022833}.Debug|x86.Build.0 = Debug|Win32
		{3ED018B2-17CB-4048-BC76-36A9E1022833}.Release|x64.ActiveCfg = Release|x64
		{3ED018B2-17CB-4048-BC76-36A9E1022833}.Release|x64.Build.0 = Release|x64
		{3ED018B2-17CB-4048-BC76-36A9E1022833}.Release|x86.ActiveCfg = Release|Win32
		{3ED018B2-17CB-4048-BC76-36A9E1022833}.Release|x86.Build.0 = Release|Win32
		{17FC641E-B189-47A5-8B9D-834EFBB1F531}.Debug|x64.ActiveCfg = Debug|x64
		{17FC641E-B189-47A5-8B9D-834EFBB1F531}.Debug|x64.Build.0 = Debug|x64
		{17FC641E-B189-47A5-8B9D-834EFBB1F531}.Debug|x86.ActiveCfg = Debug|Win32
		{17FC641E-B189-47A5-8B9D-834EFBB1F531}.Debug|x86.Build.0 = Debug|Win32
		{17FC641E-B189-47A5-8B9D-834EFBB1F531}.Release|x64.ActiveCfg = Release|x64
		{17FC641E-B189-47A5-8B9D-834EFBB1F531}.Release|x64.Build.0 = Release|x64
		{17FC641E-B189-47A5-8B9D-834EFBB1F531}.Release|x86.ActiveCfg = Release|Win32
		{17FC641E-B189-47A5-8B9D-834EFBB1F531}.Release|x86.Build.0 = Release|Win32
	EndGlobalSection
	GlobalSection(SolutionProperties) = preSolution
		HideSolutionNode = FALSE
	EndGlobalSection
	GlobalSection(ExtensibilityGlobals) = postSolution
		SolutionGuid = {5DC87A15-B4F0-43A0-806D-AEEEF7F48397}
	EndGlobalSection
EndGlobal
